
Microsoft Visual Studio Solution File, Format Version 12.00
# Visual Studio Version 17
VisualStudioVersion = 17.8.34309.116
MinimumVisualStudioVersion = 10.0.40219.1
Project("{FAE04EC0-301F-11D3-BF4B-00C04F79EFBC}") = "FinancialPriceService", "FinancialPriceService.csproj", "{4ACBCB69-C009-4197-8CBC-8602C99F922A}"
EndProject
Global
	GlobalSection(SolutionConfigurationPlatforms) = preSolution
		Debug|Any CPU = Debug|Any CPU
		Release|Any CPU = Release|Any CPU
	EndGlobalSection
	GlobalSection(ProjectConfigurationPlatforms) = postSolution
		{4ACBCB69-C009-4197-8CBC-8602C99F922A}.Debug|Any CPU.ActiveCfg = Debug|Any CPU
		{4ACBCB69-C009-4197-8CBC-8602C99F922A}.Debug|Any CPU.Build.0 = Debug|Any CPU
		{4ACBCB69-C009-4197-8CBC-8602C99F922A}.Release|Any CPU.ActiveCfg = Release|Any CPU
		{4ACBCB69-C009-4197-8CBC-8602C99F922A}.Release|Any CPU.Build.0 = Release|Any CPU
	EndGlobalSection
	GlobalSection(SolutionProperties) = preSolution
		HideSolutionNode = FALSE
	EndGlobalSection
	GlobalSection(ExtensibilityGlobals) = postSolution
		SolutionGuid = {981D0089-406F-4BC5-8A05-8BBBA9FDA64E}
	EndGlobalSection
EndGlobal
